
Microsoft Visual Studio Solution File, Format Version 12.00
# Visual Studio Version 17
VisualStudioVersion = 17.7.34024.191
MinimumVisualStudioVersion = 10.0.40219.1
Project("{9A19103F-16F7-4668-BE54-9A1E7A4F7556}") = "ConsultorioN2", "API_Consultorio\ConsultorioN2.csproj", "{6D89D355-DBA7-447D-93E6-C02BE2CAAA5D}"
EndProject
Global
	GlobalSection(SolutionConfigurationPlatforms) = preSolution
		Debug|Any CPU = Debug|Any CPU
		Release|Any CPU = Release|Any CPU
	EndGlobalSection
	GlobalSection(ProjectConfigurationPlatforms) = postSolution
		{6D89D355-DBA7-447D-93E6-C02BE2CAAA5D}.Debug|Any CPU.ActiveCfg = Debug|Any CPU
		{6D89D355-DBA7-447D-93E6-C02BE2CAAA5D}.Debug|Any CPU.Build.0 = Debug|Any CPU
		{6D89D355-DBA7-447D-93E6-C02BE2CAAA5D}.Release|Any CPU.ActiveCfg = Release|Any CPU
		{6D89D355-DBA7-447D-93E6-C02BE2CAAA5D}.Release|Any CPU.Build.0 = Release|Any CPU
	EndGlobalSection
	GlobalSection(SolutionProperties) = preSolution
		HideSolutionNode = FALSE
	EndGlobalSection
	GlobalSection(ExtensibilityGlobals) = postSolution
		SolutionGuid = {4B218AD5-8310-4E7C-9176-BB503EE10B9B}
	EndGlobalSection
EndGlobal
